// !$*UTF8*$!
{
	archiveVersion = 1;
	classes = {
	};
	objectVersion = 46;
	objects = {

/* Begin PBXBuildFile section */
		5124C7DD1C8BF1D700348F89 /* AppDelegate.swift in Sources */ = {isa = PBXBuildFile; fileRef = 5124C7DC1C8BF1D700348F89 /* AppDelegate.swift */; };
		5124C7DF1C8BF1D700348F89 /* ViewController.swift in Sources */ = {isa = PBXBuildFile; fileRef = 5124C7DE1C8BF1D700348F89 /* ViewController.swift */; };
		5124C7E21C8BF1D700348F89 /* Main.storyboard in Resources */ = {isa = PBXBuildFile; fileRef = 5124C7E01C8BF1D700348F89 /* Main.storyboard */; };
		5124C7E41C8BF1D700348F89 /* Assets.xcassets in Resources */ = {isa = PBXBuildFile; fileRef = 5124C7E31C8BF1D700348F89 /* Assets.xcassets */; };
		5124C7E71C8BF1D700348F89 /* LaunchScreen.storyboard in Resources */ = {isa = PBXBuildFile; fileRef = 5124C7E51C8BF1D700348F89 /* LaunchScreen.storyboard */; };
		5124C7F21C8BF1D700348F89 /* secChargeTests.swift in Sources */ = {isa = PBXBuildFile; fileRef = 5124C7F11C8BF1D700348F89 /* secChargeTests.swift */; };
		5124C7FD1C8BF1D700348F89 /* secChargeUITests.swift in Sources */ = {isa = PBXBuildFile; fileRef = 5124C7FC1C8BF1D700348F89 /* secChargeUITests.swift */; };
		5124C80B1C8BFF9C00348F89 /* Annotation.swift in Sources */ = {isa = PBXBuildFile; fileRef = 5124C80A1C8BFF9C00348F89 /* Annotation.swift */; settings = {ASSET_TAGS = (); }; };
/* End PBXBuildFile section */

/* Begin PBXContainerItemProxy section */
		5124C7EE1C8BF1D700348F89 /* PBXContainerItemProxy */ = {
			isa = PBXContainerItemProxy;
			containerPortal = 5124C7D11C8BF1D700348F89 /* Project object */;
			proxyType = 1;
			remoteGlobalIDString = 5124C7D81C8BF1D700348F89;
			remoteInfo = secCharge;
		};
		5124C7F91C8BF1D700348F89 /* PBXContainerItemProxy */ = {
			isa = PBXContainerItemProxy;
			containerPortal = 5124C7D11C8BF1D700348F89 /* Project object */;
			proxyType = 1;
			remoteGlobalIDString = 5124C7D81C8BF1D700348F89;
			remoteInfo = secCharge;
		};
/* End PBXContainerItemProxy section */

/* Begin PBXFileReference section */
		5124C7D91C8BF1D700348F89 /* secCharge.app */ = {isa = PBXFileReference; explicitFileType = wrapper.application; includeInIndex = 0; path = secCharge.app; sourceTree = BUILT_PRODUCTS_DIR; };
		5124C7DC1C8BF1D700348F89 /* AppDelegate.swift */ = {isa = PBXFileReference; lastKnownFileType = sourcecode.swift; path = AppDelegate.swift; sourceTree = "<group>"; };
		5124C7DE1C8BF1D700348F89 /* ViewController.swift */ = {isa = PBXFileReference; lastKnownFileType = sourcecode.swift; path = ViewController.swift; sourceTree = "<group>"; };
		5124C7E11C8BF1D700348F89 /* Base */ = {isa = PBXFileReference; lastKnownFileType = file.storyboard; name = Base; path = Base.lproj/Main.storyboard; sourceTree = "<group>"; };
		5124C7E31C8BF1D700348F89 /* Assets.xcassets */ = {isa = PBXFileReference; lastKnownFileType = folder.assetcatalog; path = Assets.xcassets; sourceTree = "<group>"; };
		5124C7E61C8BF1D700348F89 /* Base */ = {isa = PBXFileReference; lastKnownFileType = file.storyboard; name = Base; path = Base.lproj/LaunchScreen.storyboard; sourceTree = "<group>"; };
		5124C7E81C8BF1D700348F89 /* Info.plist */ = {isa = PBXFileReference; lastKnownFileType = text.plist.xml; path = Info.plist; sourceTree = "<group>"; };
		5124C7ED1C8BF1D700348F89 /* secChargeTests.xctest */ = {isa = PBXFileReference; explicitFileType = wrapper.cfbundle; includeInIndex = 0; path = secChargeTests.xctest; sourceTree = BUILT_PRODUCTS_DIR; };
		5124C7F11C8BF1D700348F89 /* secChargeTests.swift */ = {isa = PBXFileReference; lastKnownFileType = sourcecode.swift; path = secChargeTests.swift; sourceTree = "<group>"; };
		5124C7F31C8BF1D700348F89 /* Info.plist */ = {isa = PBXFileReference; lastKnownFileType = text.plist.xml; path = Info.plist; sourceTree = "<group>"; };
		5124C7F81C8BF1D700348F89 /* secChargeUITests.xctest */ = {isa = PBXFileReference; explicitFileType = wrapper.cfbundle; includeInIndex = 0; path = secChargeUITests.xctest; sourceTree = BUILT_PRODUCTS_DIR; };
		5124C7FC1C8BF1D700348F89 /* secChargeUITests.swift */ = {isa = PBXFileReference; lastKnownFileType = sourcecode.swift; path = secChargeUITests.swift; sourceTree = "<group>"; };
		5124C7FE1C8BF1D700348F89 /* Info.plist */ = {isa = PBXFileReference; lastKnownFileType = text.plist.xml; path = Info.plist; sourceTree = "<group>"; };
		5124C80A1C8BFF9C00348F89 /* Annotation.swift */ = {isa = PBXFileReference; fileEncoding = 4; lastKnownFileType = sourcecode.swift; path = Annotation.swift; sourceTree = "<group>"; };
/* End PBXFileReference section */

/* Begin PBXFrameworksBuildPhase section */
		5124C7D61C8BF1D700348F89 /* Frameworks */ = {
			isa = PBXFrameworksBuildPhase;
			buildActionMask = 2147483647;
			files = (
			);
			runOnlyForDeploymentPostprocessing = 0;
		};
		5124C7EA1C8BF1D700348F89 /* Frameworks */ = {
			isa = PBXFrameworksBuildPhase;
			buildActionMask = 2147483647;
			files = (
			);
			runOnlyForDeploymentPostprocessing = 0;
		};
		5124C7F51C8BF1D700348F89 /* Frameworks */ = {
			isa = PBXFrameworksBuildPhase;
			buildActionMask = 2147483647;
			files = (
			);
			runOnlyForDeploymentPostprocessing = 0;
		};
/* End PBXFrameworksBuildPhase section */

/* Begin PBXGroup section */
		5124C7D01C8BF1D700348F89 = {
			isa = PBXGroup;
			children = (
				5124C7DB1C8BF1D700348F89 /* secCharge */,
				5124C7F01C8BF1D700348F89 /* secChargeTests */,
				5124C7FB1C8BF1D700348F89 /* secChargeUITests */,
				5124C7DA1C8BF1D700348F89 /* Products */,
			);
			sourceTree = "<group>";
		};
		5124C7DA1C8BF1D700348F89 /* Products */ = {
			isa = PBXGroup;
			children = (
				5124C7D91C8BF1D700348F89 /* secCharge.app */,
				5124C7ED1C8BF1D700348F89 /* secChargeTests.xctest */,
				5124C7F81C8BF1D700348F89 /* secChargeUITests.xctest */,
			);
			name = Products;
			sourceTree = "<group>";
		};
		5124C7DB1C8BF1D700348F89 /* secCharge */ = {
			isa = PBXGroup;
			children = (
				5124C7DC1C8BF1D700348F89 /* AppDelegate.swift */,
				5124C7DE1C8BF1D700348F89 /* ViewController.swift */,
				5124C7E01C8BF1D700348F89 /* Main.storyboard */,
				5124C7E31C8BF1D700348F89 /* Assets.xcassets */,
				5124C7E51C8BF1D700348F89 /* LaunchScreen.storyboard */,
				5124C7E81C8BF1D700348F89 /* Info.plist */,
				5124C80A1C8BFF9C00348F89 /* Annotation.swift */,
			);
			path = secCharge;
			sourceTree = "<group>";
		};
		5124C7F01C8BF1D700348F89 /* secChargeTests */ = {
			isa = PBXGroup;
			children = (
				5124C7F11C8BF1D700348F89 /* secChargeTests.swift */,
				5124C7F31C8BF1D700348F89 /* Info.plist */,
			);
			path = secChargeTests;
			sourceTree = "<group>";
		};
		5124C7FB1C8BF1D700348F89 /* secChargeUITests */ = {
			isa = PBXGroup;
			children = (
				5124C7FC1C8BF1D700348F89 /* secChargeUITests.swift */,
				5124C7FE1C8BF1D700348F89 /* Info.plist */,
			);
			path = secChargeUITests;
			sourceTree = "<group>";
		};
/* End PBXGroup section */

/* Begin PBXNativeTarget section */
		5124C7D81C8BF1D700348F89 /* secCharge */ = {
			isa = PBXNativeTarget;
			buildConfigurationList = 5124C8011C8BF1D700348F89 /* Build configuration list for PBXNativeTarget "secCharge" */;
			buildPhases = (
				5124C7D51C8BF1D700348F89 /* Sources */,
				5124C7D61C8BF1D700348F89 /* Frameworks */,
				5124C7D71C8BF1D700348F89 /* Resources */,
			);
			buildRules = (
			);
			dependencies = (
			);
			name = secCharge;
			productName = secCharge;
			productReference = 5124C7D91C8BF1D700348F89 /* secCharge.app */;
			productType = "com.apple.product-type.application";
		};
		5124C7EC1C8BF1D700348F89 /* secChargeTests */ = {
			isa = PBXNativeTarget;
			buildConfigurationList = 5124C8041C8BF1D700348F89 /* Build configuration list for PBXNativeTarget "secChargeTests" */;
			buildPhases = (
				5124C7E91C8BF1D700348F89 /* Sources */,
				5124C7EA1C8BF1D700348F89 /* Frameworks */,
				5124C7EB1C8BF1D700348F89 /* Resources */,
			);
			buildRules = (
			);
			dependencies = (
				5124C7EF1C8BF1D700348F89 /* PBXTargetDependency */,
			);
			name = secChargeTests;
			productName = secChargeTests;
			productReference = 5124C7ED1C8BF1D700348F89 /* secChargeTests.xctest */;
			productType = "com.apple.product-type.bundle.unit-test";
		};
		5124C7F71C8BF1D700348F89 /* secChargeUITests */ = {
			isa = PBXNativeTarget;
			buildConfigurationList = 5124C8071C8BF1D700348F89 /* Build configuration list for PBXNativeTarget "secChargeUITests" */;
			buildPhases = (
				5124C7F41C8BF1D700348F89 /* Sources */,
				5124C7F51C8BF1D700348F89 /* Frameworks */,
				5124C7F61C8BF1D700348F89 /* Resources */,
			);
			buildRules = (
			);
			dependencies = (
				5124C7FA1C8BF1D700348F89 /* PBXTargetDependency */,
			);
			name = secChargeUITests;
			productName = secChargeUITests;
			productReference = 5124C7F81C8BF1D700348F89 /* secChargeUITests.xctest */;
			productType = "com.apple.product-type.bundle.ui-testing";
		};
/* End PBXNativeTarget section */

/* Begin PBXProject section */
		5124C7D11C8BF1D700348F89 /* Project object */ = {
			isa = PBXProject;
			attributes = {
				LastUpgradeCheck = 0700;
				ORGANIZATIONNAME = uOttawa;
				TargetAttributes = {
					5124C7D81C8BF1D700348F89 = {
						CreatedOnToolsVersion = 7.0.1;
					};
					5124C7EC1C8BF1D700348F89 = {
						CreatedOnToolsVersion = 7.0.1;
						TestTargetID = 5124C7D81C8BF1D700348F89;
					};
					5124C7F71C8BF1D700348F89 = {
						CreatedOnToolsVersion = 7.0.1;
						TestTargetID = 5124C7D81C8BF1D700348F89;
					};
				};
			};
			buildConfigurationList = 5124C7D41C8BF1D700348F89 /* Build configuration list for PBXProject "secCharge" */;
			compatibilityVersion = "Xcode 3.2";
			developmentRegion = English;
			hasScannedForEncodings = 0;
			knownRegions = (
				en,
				Base,
			);
			mainGroup = 5124C7D01C8BF1D700348F89;
			productRefGroup = 5124C7DA1C8BF1D700348F89 /* Products */;
			projectDirPath = "";
			projectRoot = "";
			targets = (
				5124C7D81C8BF1D700348F89 /* secCharge */,
				5124C7EC1C8BF1D700348F89 /* secChargeTests */,
				5124C7F71C8BF1D700348F89 /* secChargeUITests */,
			);
		};
/* End PBXProject section */

/* Begin PBXResourcesBuildPhase section */
		5124C7D71C8BF1D700348F89 /* Resources */ = {
			isa = PBXResourcesBuildPhase;
			buildActionMask = 2147483647;
			files = (
				5124C7E71C8BF1D700348F89 /* LaunchScreen.storyboard in Resources */,
				5124C7E41C8BF1D700348F89 /* Assets.xcassets in Resources */,
				5124C7E21C8BF1D700348F89 /* Main.storyboard in Resources */,
			);
			runOnlyForDeploymentPostprocessing = 0;
		};
		5124C7EB1C8BF1D700348F89 /* Resources */ = {
			isa = PBXResourcesBuildPhase;
			buildActionMask = 2147483647;
			files = (
			);
			runOnlyForDeploymentPostprocessing = 0;
		};
		5124C7F61C8BF1D700348F89 /* Resources */ = {
			isa = PBXResourcesBuildPhase;
			buildActionMask = 2147483647;
			files = (
			);
			runOnlyForDeploymentPostprocessing = 0;
		};
/* End PBXResourcesBuildPhase section */

/* Begin PBXSourcesBuildPhase section */
		5124C7D51C8BF1D700348F89 /* Sources */ = {
			isa = PBXSourcesBuildPhase;
			buildActionMask = 2147483647;
			files = (
				5124C7DF1C8BF1D700348F89 /* ViewController.swift in Sources */,
				5124C80B1C8BFF9C00348F89 /* Annotation.swift in Sources */,
				5124C7DD1C8BF1D700348F89 /* AppDelegate.swift in Sources */,
			);
			runOnlyForDeploymentPostprocessing = 0;
		};
		5124C7E91C8BF1D700348F89 /* Sources */ = {
			isa = PBXSourcesBuildPhase;
			buildActionMask = 2147483647;
			files = (
				5124C7F21C8BF1D700348F89 /* secChargeTests.swift in Sources */,
			);
			runOnlyForDeploymentPostprocessing = 0;
		};
		5124C7F41C8BF1D700348F89 /* Sources */ = {
			isa = PBXSourcesBuildPhase;
			buildActionMask = 2147483647;
			files = (
				5124C7FD1C8BF1D700348F89 /* secChargeUITests.swift in Sources */,
			);
			runOnlyForDeploymentPostprocessing = 0;
		};
/* End PBXSourcesBuildPhase section */

/* Begin PBXTargetDependency section */
		5124C7EF1C8BF1D700348F89 /* PBXTargetDependency */ = {
			isa = PBXTargetDependency;
			target = 5124C7D81C8BF1D700348F89 /* secCharge */;
			targetProxy = 5124C7EE1C8BF1D700348F89 /* PBXContainerItemProxy */;
		};
		5124C7FA1C8BF1D700348F89 /* PBXTargetDependency */ = {
			isa = PBXTargetDependency;
			target = 5124C7D81C8BF1D700348F89 /* secCharge */;
			targetProxy = 5124C7F91C8BF1D700348F89 /* PBXContainerItemProxy */;
		};
/* End PBXTargetDependency section */

/* Begin PBXVariantGroup section */
		5124C7E01C8BF1D700348F89 /* Main.storyboard */ = {
			isa = PBXVariantGroup;
			children = (
				5124C7E11C8BF1D700348F89 /* Base */,
			);
			name = Main.storyboard;
			sourceTree = "<group>";
		};
		5124C7E51C8BF1D700348F89 /* LaunchScreen.storyboard */ = {
			isa = PBXVariantGroup;
			children = (
				5124C7E61C8BF1D700348F89 /* Base */,
			);
			name = LaunchScreen.storyboard;
			sourceTree = "<group>";
		};
/* End PBXVariantGroup section */

/* Begin XCBuildConfiguration section */
		5124C7FF1C8BF1D700348F89 /* Debug */ = {
			isa = XCBuildConfiguration;
			buildSettings = {
				ALWAYS_SEARCH_USER_PATHS = NO;
				CLANG_CXX_LANGUAGE_STANDARD = "gnu++0x";
				CLANG_CXX_LIBRARY = "libc++";
				CLANG_ENABLE_MODULES = YES;
				CLANG_ENABLE_OBJC_ARC = YES;
				CLANG_WARN_BOOL_CONVERSION = YES;
				CLANG_WARN_CONSTANT_CONVERSION = YES;
				CLANG_WARN_DIRECT_OBJC_ISA_USAGE = YES_ERROR;
				CLANG_WARN_EMPTY_BODY = YES;
				CLANG_WARN_ENUM_CONVERSION = YES;
				CLANG_WARN_INT_CONVERSION = YES;
				CLANG_WARN_OBJC_ROOT_CLASS = YES_ERROR;
				CLANG_WARN_UNREACHABLE_CODE = YES;
				CLANG_WARN__DUPLICATE_METHOD_MATCH = YES;
				"CODE_SIGN_IDENTITY[sdk=iphoneos*]" = "iPhone Developer";
				COPY_PHASE_STRIP = NO;
				DEBUG_INFORMATION_FORMAT = dwarf;
				ENABLE_STRICT_OBJC_MSGSEND = YES;
				ENABLE_TESTABILITY = YES;
				GCC_C_LANGUAGE_STANDARD = gnu99;
				GCC_DYNAMIC_NO_PIC = NO;
				GCC_NO_COMMON_BLOCKS = YES;
				GCC_OPTIMIZATION_LEVEL = 0;
				GCC_PREPROCESSOR_DEFINITIONS = (
					"DEBUG=1",
					"$(inherited)",
				);
				GCC_WARN_64_TO_32_BIT_CONVERSION = YES;
				GCC_WARN_ABOUT_RETURN_TYPE = YES_ERROR;
				GCC_WARN_UNDECLARED_SELECTOR = YES;
				GCC_WARN_UNINITIALIZED_AUTOS = YES_AGGRESSIVE;
				GCC_WARN_UNUSED_FUNCTION = YES;
				GCC_WARN_UNUSED_VARIABLE = YES;
				IPHONEOS_DEPLOYMENT_TARGET = 9.0;
				MTL_ENABLE_DEBUG_INFO = YES;
				ONLY_ACTIVE_ARCH = YES;
				SDKROOT = iphoneos;
				SWIFT_OPTIMIZATION_LEVEL = "-Onone";
				TARGETED_DEVICE_FAMILY = "1,2";
			};
			name = Debug;
		};
		5124C8001C8BF1D700348F89 /* Release */ = {
			isa = XCBuildConfiguration;
			buildSettings = {
				ALWAYS_SEARCH_USER_PATHS = NO;
				CLANG_CXX_LANGUAGE_STANDARD = "gnu++0x";
				CLANG_CXX_LIBRARY = "libc++";
				CLANG_ENABLE_MODULES = YES;
				CLANG_ENABLE_OBJC_ARC = YES;
				CLANG_WARN_BOOL_CONVERSION = YES;
				CLANG_WARN_CONSTANT_CONVERSION = YES;
				CLANG_WARN_DIRECT_OBJC_ISA_USAGE = YES_ERROR;
				CLANG_WARN_EMPTY_BODY = YES;
				CLANG_WARN_ENUM_CONVERSION = YES;
				CLANG_WARN_INT_CONVERSION = YES;
				CLANG_WARN_OBJC_ROOT_CLASS = YES_ERROR;
				CLANG_WARN_UNREACHABLE_CODE = YES;
				CLANG_WARN__DUPLICATE_METHOD_MATCH = YES;
				"CODE_SIGN_IDENTITY[sdk=iphoneos*]" = "iPhone Developer";
				COPY_PHASE_STRIP = NO;
				DEBUG_INFORMATION_FORMAT = "dwarf-with-dsym";
				ENABLE_NS_ASSERTIONS = NO;
				ENABLE_STRICT_OBJC_MSGSEND = YES;
				GCC_C_LANGUAGE_STANDARD = gnu99;
				GCC_NO_COMMON_BLOCKS = YES;
				GCC_WARN_64_TO_32_BIT_CONVERSION = YES;
				GCC_WARN_ABOUT_RETURN_TYPE = YES_ERROR;
				GCC_WARN_UNDECLARED_SELECTOR = YES;
				GCC_WARN_UNINITIALIZED_AUTOS = YES_AGGRESSIVE;
				GCC_WARN_UNUSED_FUNCTION = YES;
				GCC_WARN_UNUSED_VARIABLE = YES;
				IPHONEOS_DEPLOYMENT_TARGET = 9.0;
				MTL_ENABLE_DEBUG_INFO = NO;
				SDKROOT = iphoneos;
				TARGETED_DEVICE_FAMILY = "1,2";
				VALIDATE_PRODUCT = YES;
			};
			name = Release;
		};
		5124C8021C8BF1D700348F89 /* Debug */ = {
			isa = XCBuildConfiguration;
			buildSettings = {
				ASSETCATALOG_COMPILER_APPICON_NAME = AppIcon;
				INFOPLIST_FILE = secCharge/Info.plist;
				LD_RUNPATH_SEARCH_PATHS = "$(inherited) @executable_path/Frameworks";
				PRODUCT_BUNDLE_IDENTIFIER = com.secCharge;
				PRODUCT_NAME = "$(TARGET_NAME)";
			};
			name = Debug;
		};
		5124C8031C8BF1D700348F89 /* Release */ = {
			isa = XCBuildConfiguration;
			buildSettings = {
				ASSETCATALOG_COMPILER_APPICON_NAME = AppIcon;
				INFOPLIST_FILE = secCharge/Info.plist;
				LD_RUNPATH_SEARCH_PATHS = "$(inherited) @executable_path/Frameworks";
				PRODUCT_BUNDLE_IDENTIFIER = com.secCharge;
				PRODUCT_NAME = "$(TARGET_NAME)";
			};
			name = Release;
		};
		5124C8051C8BF1D700348F89 /* Debug */ = {
			isa = XCBuildConfiguration;
			buildSettings = {
				BUNDLE_LOADER = "$(TEST_HOST)";
				INFOPLIST_FILE = secChargeTests/Info.plist;
				LD_RUNPATH_SEARCH_PATHS = "$(inherited) @executable_path/Frameworks @loader_path/Frameworks";
				PRODUCT_BUNDLE_IDENTIFIER = com.secChargeTests;
				PRODUCT_NAME = "$(TARGET_NAME)";
				TEST_HOST = "$(BUILT_PRODUCTS_DIR)/secCharge.app/secCharge";
			};
			name = Debug;
		};
		5124C8061C8BF1D700348F89 /* Release */ = {
			isa = XCBuildConfiguration;
			buildSettings = {
				BUNDLE_LOADER = "$(TEST_HOST)";
				INFOPLIST_FILE = secChargeTests/Info.plist;
				LD_RUNPATH_SEARCH_PATHS = "$(inherited) @executable_path/Frameworks @loader_path/Frameworks";
				PRODUCT_BUNDLE_IDENTIFIER = com.secChargeTests;
				PRODUCT_NAME = "$(TARGET_NAME)";
				TEST_HOST = "$(BUILT_PRODUCTS_DIR)/secCharge.app/secCharge";
			};
			name = Release;
		};
		5124C8081C8BF1D700348F89 /* Debug */ = {
			isa = XCBuildConfiguration;
			buildSettings = {
				INFOPLIST_FILE = secChargeUITests/Info.plist;
				LD_RUNPATH_SEARCH_PATHS = "$(inherited) @executable_path/Frameworks @loader_path/Frameworks";
				PRODUCT_BUNDLE_IDENTIFIER = com.secChargeUITests;
				PRODUCT_NAME = "$(TARGET_NAME)";
				TEST_TARGET_NAME = secCharge;
				USES_XCTRUNNER = YES;
			};
			name = Debug;
		};
		5124C8091C8BF1D700348F89 /* Release */ = {
			isa = XCBuildConfiguration;
			buildSettings = {
				INFOPLIST_FILE = secChargeUITests/Info.plist;
				LD_RUNPATH_SEARCH_PATHS = "$(inherited) @executable_path/Frameworks @loader_path/Frameworks";
				PRODUCT_BUNDLE_IDENTIFIER = com.secChargeUITests;
				PRODUCT_NAME = "$(TARGET_NAME)";
				TEST_TARGET_NAME = secCharge;
				USES_XCTRUNNER = YES;
			};
			name = Release;
		};
/* End XCBuildConfiguration section */

/* Begin XCConfigurationList section */
		5124C7D41C8BF1D700348F89 /* Build configuration list for PBXProject "secCharge" */ = {
			isa = XCConfigurationList;
			buildConfigurations = (
				5124C7FF1C8BF1D700348F89 /* Debug */,
				5124C8001C8BF1D700348F89 /* Release */,
			);
			defaultConfigurationIsVisible = 0;
			defaultConfigurationName = Release;
		};
		5124C8011C8BF1D700348F89 /* Build configuration list for PBXNativeTarget "secCharge" */ = {
			isa = XCConfigurationList;
			buildConfigurations = (
				5124C8021C8BF1D700348F89 /* Debug */,
				5124C8031C8BF1D700348F89 /* Release */,
			);
			defaultConfigurationIsVisible = 0;
		};
		5124C8041C8BF1D700348F89 /* Build configuration list for PBXNativeTarget "secChargeTests" */ = {
			isa = XCConfigurationList;
			buildConfigurations = (
				5124C8051C8BF1D700348F89 /* Debug */,
				5124C8061C8BF1D700348F89 /* Release */,
			);
			defaultConfigurationIsVisible = 0;
		};
		5124C8071C8BF1D700348F89 /* Build configuration list for PBXNativeTarget "secChargeUITests" */ = {
			isa = XCConfigurationList;
			buildConfigurations = (
				5124C8081C8BF1D700348F89 /* Debug */,
				5124C8091C8BF1D700348F89 /* Release */,
			);
			defaultConfigurationIsVisible = 0;
		};
/* End XCConfigurationList section */
	};
	rootObject = 5124C7D11C8BF1D700348F89 /* Project object */;
}
